// !$*UTF8*$!
{
	archiveVersion = 1;
	classes = {
	};
	objectVersion = 77;
	objects = {

/* Begin PBXBuildFile section */
		0515ADD92CF3A2B80003675F /* EmptyDataSet-Swift in Frameworks */ = {isa = PBXBuildFile; productRef = 0515ADD82CF3A2B80003675F /* EmptyDataSet-Swift */; };
		05DDEACB2CEFC6D4008C7262 /* FirebaseAnalytics in Frameworks */ = {isa = PBXBuildFile; productRef = 05DDEACA2CEFC6D4008C7262 /* FirebaseAnalytics */; };
		05DDEACD2CEFC6D4008C7262 /* FirebaseAuth in Frameworks */ = {isa = PBXBuildFile; productRef = 05DDEACC2CEFC6D4008C7262 /* FirebaseAuth */; };
		05DDEACF2CEFC6D4008C7262 /* FirebaseCore in Frameworks */ = {isa = PBXBuildFile; productRef = 05DDEACE2CEFC6D4008C7262 /* FirebaseCore */; };
		05DDEAD12CEFC6D4008C7262 /* FirebaseDatabase in Frameworks */ = {isa = PBXBuildFile; productRef = 05DDEAD02CEFC6D4008C7262 /* FirebaseDatabase */; };
		05DDEAD32CEFC6D4008C7262 /* FirebaseFirestore in Frameworks */ = {isa = PBXBuildFile; productRef = 05DDEAD22CEFC6D4008C7262 /* FirebaseFirestore */; };
		05DDEAD52CEFC6D4008C7262 /* FirebaseFirestoreCombine-Community in Frameworks */ = {isa = PBXBuildFile; productRef = 05DDEAD42CEFC6D4008C7262 /* FirebaseFirestoreCombine-Community */; };
		05DDEAD72CEFC6D4008C7262 /* FirebaseStorage in Frameworks */ = {isa = PBXBuildFile; productRef = 05DDEAD62CEFC6D4008C7262 /* FirebaseStorage */; };
		05DDEAD92CEFC6D4008C7262 /* FirebaseStorageCombine-Community in Frameworks */ = {isa = PBXBuildFile; productRef = 05DDEAD82CEFC6D4008C7262 /* FirebaseStorageCombine-Community */; };
		05F802262CF53E8700383154 /* AlgoliaSearchClient in Frameworks */ = {isa = PBXBuildFile; productRef = 05F802252CF53E8700383154 /* AlgoliaSearchClient */; };
/* End PBXBuildFile section */

/* Begin PBXContainerItemProxy section */
		0578FEE72CF7F49A0039D5A2 /* PBXContainerItemProxy */ = {
			isa = PBXContainerItemProxy;
			containerPortal = 05A93CA52CEFA72F0077513A /* Project object */;
			proxyType = 1;
			remoteGlobalIDString = 05A93CAC2CEFA72F0077513A;
			remoteInfo = LearnConnectOnlineAcademy;
		};
/* End PBXContainerItemProxy section */

/* Begin PBXFileReference section */
		0578FEE32CF7F49A0039D5A2 /* LearnConnectOnlineAcademyTests.xctest */ = {isa = PBXFileReference; explicitFileType = wrapper.cfbundle; includeInIndex = 0; path = LearnConnectOnlineAcademyTests.xctest; sourceTree = BUILT_PRODUCTS_DIR; };
		05A93CAD2CEFA72F0077513A /* LearnConnectOnlineAcademy.app */ = {isa = PBXFileReference; explicitFileType = wrapper.application; includeInIndex = 0; path = LearnConnectOnlineAcademy.app; sourceTree = BUILT_PRODUCTS_DIR; };
/* End PBXFileReference section */

/* Begin PBXFileSystemSynchronizedBuildFileExceptionSet section */
		05A93CBF2CEFA7310077513A /* Exceptions for "LearnConnectOnlineAcademy" folder in "LearnConnectOnlineAcademy" target */ = {
			isa = PBXFileSystemSynchronizedBuildFileExceptionSet;
			membershipExceptions = (
				Info.plist,
			);
			target = 05A93CAC2CEFA72F0077513A /* LearnConnectOnlineAcademy */;
		};
/* End PBXFileSystemSynchronizedBuildFileExceptionSet section */

/* Begin PBXFileSystemSynchronizedRootGroup section */
		0578FEE42CF7F49A0039D5A2 /* LearnConnectOnlineAcademyTests */ = {
			isa = PBXFileSystemSynchronizedRootGroup;
			path = LearnConnectOnlineAcademyTests;
			sourceTree = "<group>";
		};
		05A93CAF2CEFA72F0077513A /* LearnConnectOnlineAcademy */ = {
			isa = PBXFileSystemSynchronizedRootGroup;
			exceptions = (
				05A93CBF2CEFA7310077513A /* Exceptions for "LearnConnectOnlineAcademy" folder in "LearnConnectOnlineAcademy" target */,
			);
			path = LearnConnectOnlineAcademy;
			sourceTree = "<group>";
		};
/* End PBXFileSystemSynchronizedRootGroup section */

/* Begin PBXFrameworksBuildPhase section */
		0578FEE02CF7F49A0039D5A2 /* Frameworks */ = {
			isa = PBXFrameworksBuildPhase;
			buildActionMask = 2147483647;
			files = (
			);
			runOnlyForDeploymentPostprocessing = 0;
		};
		05A93CAA2CEFA72F0077513A /* Frameworks */ = {
			isa = PBXFrameworksBuildPhase;
			buildActionMask = 2147483647;
			files = (
				05DDEACB2CEFC6D4008C7262 /* FirebaseAnalytics in Frameworks */,
				05DDEACF2CEFC6D4008C7262 /* FirebaseCore in Frameworks */,
				05DDEAD92CEFC6D4008C7262 /* FirebaseStorageCombine-Community in Frameworks */,
				05DDEAD12CEFC6D4008C7262 /* FirebaseDatabase in Frameworks */,
				0515ADD92CF3A2B80003675F /* EmptyDataSet-Swift in Frameworks */,
				05F802262CF53E8700383154 /* AlgoliaSearchClient in Frameworks */,
				05DDEAD52CEFC6D4008C7262 /* FirebaseFirestoreCombine-Community in Frameworks */,
				05DDEAD72CEFC6D4008C7262 /* FirebaseStorage in Frameworks */,
				05DDEAD32CEFC6D4008C7262 /* FirebaseFirestore in Frameworks */,
				05DDEACD2CEFC6D4008C7262 /* FirebaseAuth in Frameworks */,
			);
			runOnlyForDeploymentPostprocessing = 0;
		};
/* End PBXFrameworksBuildPhase section */

/* Begin PBXGroup section */
		05A93CA42CEFA72F0077513A = {
			isa = PBXGroup;
			children = (
				05A93CAF2CEFA72F0077513A /* LearnConnectOnlineAcademy */,
				0578FEE42CF7F49A0039D5A2 /* LearnConnectOnlineAcademyTests */,
				05A93CAE2CEFA72F0077513A /* Products */,
			);
			sourceTree = "<group>";
		};
		05A93CAE2CEFA72F0077513A /* Products */ = {
			isa = PBXGroup;
			children = (
				05A93CAD2CEFA72F0077513A /* LearnConnectOnlineAcademy.app */,
				0578FEE32CF7F49A0039D5A2 /* LearnConnectOnlineAcademyTests.xctest */,
			);
			name = Products;
			sourceTree = "<group>";
		};
/* End PBXGroup section */

/* Begin PBXNativeTarget section */
		0578FEE22CF7F49A0039D5A2 /* LearnConnectOnlineAcademyTests */ = {
			isa = PBXNativeTarget;
			buildConfigurationList = 0578FEE92CF7F49A0039D5A2 /* Build configuration list for PBXNativeTarget "LearnConnectOnlineAcademyTests" */;
			buildPhases = (
				0578FEDF2CF7F49A0039D5A2 /* Sources */,
				0578FEE02CF7F49A0039D5A2 /* Frameworks */,
				0578FEE12CF7F49A0039D5A2 /* Resources */,
			);
			buildRules = (
			);
			dependencies = (
				0578FEE82CF7F49A0039D5A2 /* PBXTargetDependency */,
			);
			fileSystemSynchronizedGroups = (
				0578FEE42CF7F49A0039D5A2 /* LearnConnectOnlineAcademyTests */,
			);
			name = LearnConnectOnlineAcademyTests;
			packageProductDependencies = (
			);
			productName = LearnConnectOnlineAcademyTests;
			productReference = 0578FEE32CF7F49A0039D5A2 /* LearnConnectOnlineAcademyTests.xctest */;
			productType = "com.apple.product-type.bundle.unit-test";
		};
		05A93CAC2CEFA72F0077513A /* LearnConnectOnlineAcademy */ = {
			isa = PBXNativeTarget;
			buildConfigurationList = 05A93CC02CEFA7310077513A /* Build configuration list for PBXNativeTarget "LearnConnectOnlineAcademy" */;
			buildPhases = (
				05A93CA92CEFA72F0077513A /* Sources */,
				05A93CAA2CEFA72F0077513A /* Frameworks */,
				05A93CAB2CEFA72F0077513A /* Resources */,
			);
			buildRules = (
			);
			dependencies = (
			);
			fileSystemSynchronizedGroups = (
				05A93CAF2CEFA72F0077513A /* LearnConnectOnlineAcademy */,
			);
			name = LearnConnectOnlineAcademy;
			packageProductDependencies = (
				05DDEACA2CEFC6D4008C7262 /* FirebaseAnalytics */,
				05DDEACC2CEFC6D4008C7262 /* FirebaseAuth */,
				05DDEACE2CEFC6D4008C7262 /* FirebaseCore */,
				05DDEAD02CEFC6D4008C7262 /* FirebaseDatabase */,
				05DDEAD22CEFC6D4008C7262 /* FirebaseFirestore */,
				05DDEAD42CEFC6D4008C7262 /* FirebaseFirestoreCombine-Community */,
				05DDEAD62CEFC6D4008C7262 /* FirebaseStorage */,
				05DDEAD82CEFC6D4008C7262 /* FirebaseStorageCombine-Community */,
				0515ADD82CF3A2B80003675F /* EmptyDataSet-Swift */,
				05F802252CF53E8700383154 /* AlgoliaSearchClient */,
			);
			productName = LearnConnectOnlineAcademy;
			productReference = 05A93CAD2CEFA72F0077513A /* LearnConnectOnlineAcademy.app */;
			productType = "com.apple.product-type.application";
		};
/* End PBXNativeTarget section */

/* Begin PBXProject section */
		05A93CA52CEFA72F0077513A /* Project object */ = {
			isa = PBXProject;
			attributes = {
				BuildIndependentTargetsInParallel = 1;
				LastSwiftUpdateCheck = 1610;
				LastUpgradeCheck = 1610;
				TargetAttributes = {
					0578FEE22CF7F49A0039D5A2 = {
						CreatedOnToolsVersion = 16.1;
						TestTargetID = 05A93CAC2CEFA72F0077513A;
					};
					05A93CAC2CEFA72F0077513A = {
						CreatedOnToolsVersion = 16.1;
					};
				};
			};
			buildConfigurationList = 05A93CA82CEFA72F0077513A /* Build configuration list for PBXProject "LearnConnectOnlineAcademy" */;
			developmentRegion = en;
			hasScannedForEncodings = 0;
			knownRegions = (
				en,
				Base,
			);
			mainGroup = 05A93CA42CEFA72F0077513A;
			minimizedProjectReferenceProxies = 1;
			packageReferences = (
				05DDEAC92CEFC6D4008C7262 /* XCRemoteSwiftPackageReference "firebase-ios-sdk" */,
				0515ADD72CF3A2B80003675F /* XCRemoteSwiftPackageReference "EmptyDataSet-Swift" */,
				05F802242CF53E8700383154 /* XCRemoteSwiftPackageReference "algoliasearch-client-swift" */,
			);
			preferredProjectObjectVersion = 77;
			productRefGroup = 05A93CAE2CEFA72F0077513A /* Products */;
			projectDirPath = "";
			projectRoot = "";
			targets = (
				05A93CAC2CEFA72F0077513A /* LearnConnectOnlineAcademy */,
				0578FEE22CF7F49A0039D5A2 /* LearnConnectOnlineAcademyTests */,
			);
		};
/* End PBXProject section */

/* Begin PBXResourcesBuildPhase section */
		0578FEE12CF7F49A0039D5A2 /* Resources */ = {
			isa = PBXResourcesBuildPhase;
			buildActionMask = 2147483647;
			files = (
			);
			runOnlyForDeploymentPostprocessing = 0;
		};
		05A93CAB2CEFA72F0077513A /* Resources */ = {
			isa = PBXResourcesBuildPhase;
			buildActionMask = 2147483647;
			files = (
			);
			runOnlyForDeploymentPostprocessing = 0;
		};
/* End PBXResourcesBuildPhase section */

/* Begin PBXSourcesBuildPhase section */
		0578FEDF2CF7F49A0039D5A2 /* Sources */ = {
			isa = PBXSourcesBuildPhase;
			buildActionMask = 2147483647;
			files = (
			);
			runOnlyForDeploymentPostprocessing = 0;
		};
		05A93CA92CEFA72F0077513A /* Sources */ = {
			isa = PBXSourcesBuildPhase;
			buildActionMask = 2147483647;
			files = (
			);
			runOnlyForDeploymentPostprocessing = 0;
		};
/* End PBXSourcesBuildPhase section */

/* Begin PBXTargetDependency section */
		0578FEE82CF7F49A0039D5A2 /* PBXTargetDependency */ = {
			isa = PBXTargetDependency;
			target = 05A93CAC2CEFA72F0077513A /* LearnConnectOnlineAcademy */;
			targetProxy = 0578FEE72CF7F49A0039D5A2 /* PBXContainerItemProxy */;
		};
/* End PBXTargetDependency section */

/* Begin XCBuildConfiguration section */
		0578FEEA2CF7F49A0039D5A2 /* Debug */ = {
			isa = XCBuildConfiguration;
			buildSettings = {
				BUNDLE_LOADER = "$(TEST_HOST)";
				CODE_SIGN_STYLE = Automatic;
				CURRENT_PROJECT_VERSION = 1;
				DEVELOPMENT_TEAM = K2FS85Z6PG;
				GENERATE_INFOPLIST_FILE = YES;
				MARKETING_VERSION = 1.0;
				PRODUCT_BUNDLE_IDENTIFIER = "Hu-dahan-Altun.LearnConnectOnlineAcademyTests";
				PRODUCT_NAME = "$(TARGET_NAME)";
				SWIFT_EMIT_LOC_STRINGS = NO;
				SWIFT_VERSION = 5.0;
				TARGETED_DEVICE_FAMILY = "1,2";
				TEST_HOST = "$(BUILT_PRODUCTS_DIR)/LearnConnectOnlineAcademy.app/$(BUNDLE_EXECUTABLE_FOLDER_PATH)/LearnConnectOnlineAcademy";
			};
			name = Debug;
		};
		0578FEEB2CF7F49A0039D5A2 /* Release */ = {
			isa = XCBuildConfiguration;
			buildSettings = {
				BUNDLE_LOADER = "$(TEST_HOST)";
				CODE_SIGN_STYLE = Automatic;
				CURRENT_PROJECT_VERSION = 1;
				DEVELOPMENT_TEAM = K2FS85Z6PG;
				GENERATE_INFOPLIST_FILE = YES;
				MARKETING_VERSION = 1.0;
				PRODUCT_BUNDLE_IDENTIFIER = "Hu-dahan-Altun.LearnConnectOnlineAcademyTests";
				PRODUCT_NAME = "$(TARGET_NAME)";
				SWIFT_EMIT_LOC_STRINGS = NO;
				SWIFT_VERSION = 5.0;
				TARGETED_DEVICE_FAMILY = "1,2";
				TEST_HOST = "$(BUILT_PRODUCTS_DIR)/LearnConnectOnlineAcademy.app/$(BUNDLE_EXECUTABLE_FOLDER_PATH)/LearnConnectOnlineAcademy";
			};
			name = Release;
		};
		05A93CC12CEFA7310077513A /* Debug */ = {
			isa = XCBuildConfiguration;
			buildSettings = {
				ASSETCATALOG_COMPILER_APPICON_NAME = AppIcon;
				ASSETCATALOG_COMPILER_GLOBAL_ACCENT_COLOR_NAME = AccentColor;
				CODE_SIGN_STYLE = Automatic;
				CURRENT_PROJECT_VERSION = 1;
				DEVELOPMENT_TEAM = K2FS85Z6PG;
				GENERATE_INFOPLIST_FILE = YES;
				INFOPLIST_FILE = LearnConnectOnlineAcademy/Info.plist;
				INFOPLIST_KEY_NSPhotoLibraryUsageDescription = "selecting image";
				INFOPLIST_KEY_UIApplicationSupportsIndirectInputEvents = YES;
				INFOPLIST_KEY_UILaunchStoryboardName = LaunchScreen;
				INFOPLIST_KEY_UIMainStoryboardFile = Main;
				INFOPLIST_KEY_UISupportedInterfaceOrientations_iPad = "UIInterfaceOrientationPortrait UIInterfaceOrientationPortraitUpsideDown UIInterfaceOrientationLandscapeLeft UIInterfaceOrientationLandscapeRight";
				INFOPLIST_KEY_UISupportedInterfaceOrientations_iPhone = "UIInterfaceOrientationPortrait UIInterfaceOrientationLandscapeLeft UIInterfaceOrientationLandscapeRight";
				IPHONEOS_DEPLOYMENT_TARGET = 16.6;
				LD_RUNPATH_SEARCH_PATHS = (
					"$(inherited)",
					"@executable_path/Frameworks",
				);
				MARKETING_VERSION = 1.0;
				PRODUCT_BUNDLE_IDENTIFIER = "Hu-dahan-Altun.LearnConnectOnlineAcademy";
				PRODUCT_NAME = "$(TARGET_NAME)";
				SWIFT_EMIT_LOC_STRINGS = YES;
				SWIFT_VERSION = 5.0;
				TARGETED_DEVICE_FAMILY = "1,2";
			};
			name = Debug;
		};
		05A93CC22CEFA7310077513A /* Release */ = {
			isa = XCBuildConfiguration;
			buildSettings = {
				ASSETCATALOG_COMPILER_APPICON_NAME = AppIcon;
				ASSETCATALOG_COMPILER_GLOBAL_ACCENT_COLOR_NAME = AccentColor;
				CODE_SIGN_STYLE = Automatic;
				CURRENT_PROJECT_VERSION = 1;
				DEVELOPMENT_TEAM = K2FS85Z6PG;
				GENERATE_INFOPLIST_FILE = YES;
				INFOPLIST_FILE = LearnConnectOnlineAcademy/Info.plist;
				INFOPLIST_KEY_NSPhotoLibraryUsageDescription = "selecting image";
				INFOPLIST_KEY_UIApplicationSupportsIndirectInputEvents = YES;
				INFOPLIST_KEY_UILaunchStoryboardName = LaunchScreen;
				INFOPLIST_KEY_UIMainStoryboardFile = Main;
				INFOPLIST_KEY_UISupportedInterfaceOrientations_iPad = "UIInterfaceOrientationPortrait UIInterfaceOrientationPortraitUpsideDown UIInterfaceOrientationLandscapeLeft UIInterfaceOrientationLandscapeRight";
				INFOPLIST_KEY_UISupportedInterfaceOrientations_iPhone = "UIInterfaceOrientationPortrait UIInterfaceOrientationLandscapeLeft UIInterfaceOrientationLandscapeRight";
				IPHONEOS_DEPLOYMENT_TARGET = 16.6;
				LD_RUNPATH_SEARCH_PATHS = (
					"$(inherited)",
					"@executable_path/Frameworks",
				);
				MARKETING_VERSION = 1.0;
				PRODUCT_BUNDLE_IDENTIFIER = "Hu-dahan-Altun.LearnConnectOnlineAcademy";
				PRODUCT_NAME = "$(TARGET_NAME)";
				SWIFT_EMIT_LOC_STRINGS = YES;
				SWIFT_VERSION = 5.0;
				TARGETED_DEVICE_FAMILY = "1,2";
			};
			name = Release;
		};
		05A93CC32CEFA7310077513A /* Debug */ = {
			isa = XCBuildConfiguration;
			buildSettings = {
				ALWAYS_SEARCH_USER_PATHS = NO;
				ASSETCATALOG_COMPILER_GENERATE_SWIFT_ASSET_SYMBOL_EXTENSIONS = YES;
				CLANG_ANALYZER_NONNULL = YES;
				CLANG_ANALYZER_NUMBER_OBJECT_CONVERSION = YES_AGGRESSIVE;
				CLANG_CXX_LANGUAGE_STANDARD = "gnu++20";
				CLANG_ENABLE_MODULES = YES;
				CLANG_ENABLE_OBJC_ARC = YES;
				CLANG_ENABLE_OBJC_WEAK = YES;
				CLANG_WARN_BLOCK_CAPTURE_AUTORELEASING = YES;
				CLANG_WARN_BOOL_CONVERSION = YES;
				CLANG_WARN_COMMA = YES;
				CLANG_WARN_CONSTANT_CONVERSION = YES;
				CLANG_WARN_DEPRECATED_OBJC_IMPLEMENTATIONS = YES;
				CLANG_WARN_DIRECT_OBJC_ISA_USAGE = YES_ERROR;
				CLANG_WARN_DOCUMENTATION_COMMENTS = YES;
				CLANG_WARN_EMPTY_BODY = YES;
				CLANG_WARN_ENUM_CONVERSION = YES;
				CLANG_WARN_INFINITE_RECURSION = YES;
				CLANG_WARN_INT_CONVERSION = YES;
				CLANG_WARN_NON_LITERAL_NULL_CONVERSION = YES;
				CLANG_WARN_OBJC_IMPLICIT_RETAIN_SELF = YES;
				CLANG_WARN_OBJC_LITERAL_CONVERSION = YES;
				CLANG_WARN_OBJC_ROOT_CLASS = YES_ERROR;
				CLANG_WARN_QUOTED_INCLUDE_IN_FRAMEWORK_HEADER = YES;
				CLANG_WARN_RANGE_LOOP_ANALYSIS = YES;
				CLANG_WARN_STRICT_PROTOTYPES = YES;
				CLANG_WARN_SUSPICIOUS_MOVE = YES;
				CLANG_WARN_UNGUARDED_AVAILABILITY = YES_AGGRESSIVE;
				CLANG_WARN_UNREACHABLE_CODE = YES;
				CLANG_WARN__DUPLICATE_METHOD_MATCH = YES;
				COPY_PHASE_STRIP = NO;
				DEBUG_INFORMATION_FORMAT = dwarf;
				ENABLE_STRICT_OBJC_MSGSEND = YES;
				ENABLE_TESTABILITY = YES;
				ENABLE_USER_SCRIPT_SANDBOXING = YES;
				GCC_C_LANGUAGE_STANDARD = gnu17;
				GCC_DYNAMIC_NO_PIC = NO;
				GCC_NO_COMMON_BLOCKS = YES;
				GCC_OPTIMIZATION_LEVEL = 0;
				GCC_PREPROCESSOR_DEFINITIONS = (
					"DEBUG=1",
					"$(inherited)",
				);
				GCC_WARN_64_TO_32_BIT_CONVERSION = YES;
				GCC_WARN_ABOUT_RETURN_TYPE = YES_ERROR;
				GCC_WARN_UNDECLARED_SELECTOR = YES;
				GCC_WARN_UNINITIALIZED_AUTOS = YES_AGGRESSIVE;
				GCC_WARN_UNUSED_FUNCTION = YES;
				GCC_WARN_UNUSED_VARIABLE = YES;
				IPHONEOS_DEPLOYMENT_TARGET = 18.1;
				LOCALIZATION_PREFERS_STRING_CATALOGS = YES;
				MTL_ENABLE_DEBUG_INFO = INCLUDE_SOURCE;
				MTL_FAST_MATH = YES;
				ONLY_ACTIVE_ARCH = YES;
				SDKROOT = iphoneos;
				SWIFT_ACTIVE_COMPILATION_CONDITIONS = "DEBUG $(inherited)";
				SWIFT_OPTIMIZATION_LEVEL = "-Onone";
			};
			name = Debug;
		};
		05A93CC42CEFA7310077513A /* Release */ = {
			isa = XCBuildConfiguration;
			buildSettings = {
				ALWAYS_SEARCH_USER_PATHS = NO;
				ASSETCATALOG_COMPILER_GENERATE_SWIFT_ASSET_SYMBOL_EXTENSIONS = YES;
				CLANG_ANALYZER_NONNULL = YES;
				CLANG_ANALYZER_NUMBER_OBJECT_CONVERSION = YES_AGGRESSIVE;
				CLANG_CXX_LANGUAGE_STANDARD = "gnu++20";
				CLANG_ENABLE_MODULES = YES;
				CLANG_ENABLE_OBJC_ARC = YES;
				CLANG_ENABLE_OBJC_WEAK = YES;
				CLANG_WARN_BLOCK_CAPTURE_AUTORELEASING = YES;
				CLANG_WARN_BOOL_CONVERSION = YES;
				CLANG_WARN_COMMA = YES;
				CLANG_WARN_CONSTANT_CONVERSION = YES;
				CLANG_WARN_DEPRECATED_OBJC_IMPLEMENTATIONS = YES;
				CLANG_WARN_DIRECT_OBJC_ISA_USAGE = YES_ERROR;
				CLANG_WARN_DOCUMENTATION_COMMENTS = YES;
				CLANG_WARN_EMPTY_BODY = YES;
				CLANG_WARN_ENUM_CONVERSION = YES;
				CLANG_WARN_INFINITE_RECURSION = YES;
				CLANG_WARN_INT_CONVERSION = YES;
				CLANG_WARN_NON_LITERAL_NULL_CONVERSION = YES;
				CLANG_WARN_OBJC_IMPLICIT_RETAIN_SELF = YES;
				CLANG_WARN_OBJC_LITERAL_CONVERSION = YES;
				CLANG_WARN_OBJC_ROOT_CLASS = YES_ERROR;
				CLANG_WARN_QUOTED_INCLUDE_IN_FRAMEWORK_HEADER = YES;
				CLANG_WARN_RANGE_LOOP_ANALYSIS = YES;
				CLANG_WARN_STRICT_PROTOTYPES = YES;
				CLANG_WARN_SUSPICIOUS_MOVE = YES;
				CLANG_WARN_UNGUARDED_AVAILABILITY = YES_AGGRESSIVE;
				CLANG_WARN_UNREACHABLE_CODE = YES;
				CLANG_WARN__DUPLICATE_METHOD_MATCH = YES;
				COPY_PHASE_STRIP = NO;
				DEBUG_INFORMATION_FORMAT = "dwarf-with-dsym";
				ENABLE_NS_ASSERTIONS = NO;
				ENABLE_STRICT_OBJC_MSGSEND = YES;
				ENABLE_USER_SCRIPT_SANDBOXING = YES;
				GCC_C_LANGUAGE_STANDARD = gnu17;
				GCC_NO_COMMON_BLOCKS = YES;
				GCC_WARN_64_TO_32_BIT_CONVERSION = YES;
				GCC_WARN_ABOUT_RETURN_TYPE = YES_ERROR;
				GCC_WARN_UNDECLARED_SELECTOR = YES;
				GCC_WARN_UNINITIALIZED_AUTOS = YES_AGGRESSIVE;
				GCC_WARN_UNUSED_FUNCTION = YES;
				GCC_WARN_UNUSED_VARIABLE = YES;
				IPHONEOS_DEPLOYMENT_TARGET = 18.1;
				LOCALIZATION_PREFERS_STRING_CATALOGS = YES;
				MTL_ENABLE_DEBUG_INFO = NO;
				MTL_FAST_MATH = YES;
				SDKROOT = iphoneos;
				SWIFT_COMPILATION_MODE = wholemodule;
				VALIDATE_PRODUCT = YES;
			};
			name = Release;
		};
/* End XCBuildConfiguration section */

/* Begin XCConfigurationList section */
		0578FEE92CF7F49A0039D5A2 /* Build configuration list for PBXNativeTarget "LearnConnectOnlineAcademyTests" */ = {
			isa = XCConfigurationList;
			buildConfigurations = (
				0578FEEA2CF7F49A0039D5A2 /* Debug */,
				0578FEEB2CF7F49A0039D5A2 /* Release */,
			);
			defaultConfigurationIsVisible = 0;
			defaultConfigurationName = Release;
		};
		05A93CA82CEFA72F0077513A /* Build configuration list for PBXProject "LearnConnectOnlineAcademy" */ = {
			isa = XCConfigurationList;
			buildConfigurations = (
				05A93CC32CEFA7310077513A /* Debug */,
				05A93CC42CEFA7310077513A /* Release */,
			);
			defaultConfigurationIsVisible = 0;
			defaultConfigurationName = Release;
		};
		05A93CC02CEFA7310077513A /* Build configuration list for PBXNativeTarget "LearnConnectOnlineAcademy" */ = {
			isa = XCConfigurationList;
			buildConfigurations = (
				05A93CC12CEFA7310077513A /* Debug */,
				05A93CC22CEFA7310077513A /* Release */,
			);
			defaultConfigurationIsVisible = 0;
			defaultConfigurationName = Release;
		};
/* End XCConfigurationList section */

/* Begin XCRemoteSwiftPackageReference section */
		0515ADD72CF3A2B80003675F /* XCRemoteSwiftPackageReference "EmptyDataSet-Swift" */ = {
			isa = XCRemoteSwiftPackageReference;
			repositoryURL = "https://github.com/Xiaoye220/EmptyDataSet-Swift.git";
			requirement = {
				kind = upToNextMajorVersion;
				minimumVersion = 5.0.2;
			};
		};
		05DDEAC92CEFC6D4008C7262 /* XCRemoteSwiftPackageReference "firebase-ios-sdk" */ = {
			isa = XCRemoteSwiftPackageReference;
			repositoryURL = "https://github.com/firebase/firebase-ios-sdk.git";
			requirement = {
				kind = upToNextMajorVersion;
				minimumVersion = 11.0.0;
			};
		};
		05F802242CF53E8700383154 /* XCRemoteSwiftPackageReference "algoliasearch-client-swift" */ = {
			isa = XCRemoteSwiftPackageReference;
			repositoryURL = "https://github.com/algolia/algoliasearch-client-swift";
			requirement = {
				kind = upToNextMajorVersion;
				minimumVersion = 8.18.2;
			};
		};
/* End XCRemoteSwiftPackageReference section */

/* Begin XCSwiftPackageProductDependency section */
		0515ADD82CF3A2B80003675F /* EmptyDataSet-Swift */ = {
			isa = XCSwiftPackageProductDependency;
			package = 0515ADD72CF3A2B80003675F /* XCRemoteSwiftPackageReference "EmptyDataSet-Swift" */;
			productName = "EmptyDataSet-Swift";
		};
		05DDEACA2CEFC6D4008C7262 /* FirebaseAnalytics */ = {
			isa = XCSwiftPackageProductDependency;
			package = 05DDEAC92CEFC6D4008C7262 /* XCRemoteSwiftPackageReference "firebase-ios-sdk" */;
			productName = FirebaseAnalytics;
		};
		05DDEACC2CEFC6D4008C7262 /* FirebaseAuth */ = {
			isa = XCSwiftPackageProductDependency;
			package = 05DDEAC92CEFC6D4008C7262 /* XCRemoteSwiftPackageReference "firebase-ios-sdk" */;
			productName = FirebaseAuth;
		};
		05DDEACE2CEFC6D4008C7262 /* FirebaseCore */ = {
			isa = XCSwiftPackageProductDependency;
			package = 05DDEAC92CEFC6D4008C7262 /* XCRemoteSwiftPackageReference "firebase-ios-sdk" */;
			productName = FirebaseCore;
		};
		05DDEAD02CEFC6D4008C7262 /* FirebaseDatabase */ = {
			isa = XCSwiftPackageProductDependency;
			package = 05DDEAC92CEFC6D4008C7262 /* XCRemoteSwiftPackageReference "firebase-ios-sdk" */;
			productName = FirebaseDatabase;
		};
		05DDEAD22CEFC6D4008C7262 /* FirebaseFirestore */ = {
			isa = XCSwiftPackageProductDependency;
			package = 05DDEAC92CEFC6D4008C7262 /* XCRemoteSwiftPackageReference "firebase-ios-sdk" */;
			productName = FirebaseFirestore;
		};
		05DDEAD42CEFC6D4008C7262 /* FirebaseFirestoreCombine-Community */ = {
			isa = XCSwiftPackageProductDependency;
			package = 05DDEAC92CEFC6D4008C7262 /* XCRemoteSwiftPackageReference "firebase-ios-sdk" */;
			productName = "FirebaseFirestoreCombine-Community";
		};
		05DDEAD62CEFC6D4008C7262 /* FirebaseStorage */ = {
			isa = XCSwiftPackageProductDependency;
			package = 05DDEAC92CEFC6D4008C7262 /* XCRemoteSwiftPackageReference "firebase-ios-sdk" */;
			productName = FirebaseStorage;
		};
		05DDEAD82CEFC6D4008C7262 /* FirebaseStorageCombine-Community */ = {
			isa = XCSwiftPackageProductDependency;
			package = 05DDEAC92CEFC6D4008C7262 /* XCRemoteSwiftPackageReference "firebase-ios-sdk" */;
			productName = "FirebaseStorageCombine-Community";
		};
		05F802252CF53E8700383154 /* AlgoliaSearchClient */ = {
			isa = XCSwiftPackageProductDependency;
			package = 05F802242CF53E8700383154 /* XCRemoteSwiftPackageReference "algoliasearch-client-swift" */;
			productName = AlgoliaSearchClient;
		};
/* End XCSwiftPackageProductDependency section */
	};
	rootObject = 05A93CA52CEFA72F0077513A /* Project object */;
}
